
Microsoft Visual Studio Solution File, Format Version 12.00
# Visual Studio 15
VisualStudioVersion = 15.0.25807.0
MinimumVisualStudioVersion = 10.0.40219.1
Project("{2150E333-8FDC-42A3-9474-1A3956D46DE8}") = "Engine", "Engine", "{98F0E64D-1256-4DCF-A70B-EE961178DE58}"
EndProject
Project("{2150E333-8FDC-42A3-9474-1A3956D46DE8}") = "Games", "Games", "{2319BD41-8B1B-4B3C-B7BD-8FCBFACB2B4F}"
EndProject
Project("{8BC9CEB8-8B4A-11D0-8D11-00A0C91BC942}") = "UE4", "Intermediate\ProjectFiles\UE4.vcxproj", "{B20B5CAA-C663-4163-8800-959D9D2FDB8E}"
EndProject
Project("{8BC9CEB8-8B4A-11D0-8D11-00A0C91BC942}") = "RTS_Project", "Intermediate\ProjectFiles\RTS_Project.vcxproj", "{A2FD23A9-042D-4579-BAAF-A01C71E7E891}"
EndProject
Global
	GlobalSection(SolutionConfigurationPlatforms) = preSolution
		DebugGame Editor|HTML5 = DebugGame Editor|HTML5
		DebugGame Editor|Win32 = DebugGame Editor|Win32
		DebugGame Editor|Win64 = DebugGame Editor|Win64
		DebugGame|HTML5 = DebugGame|HTML5
		DebugGame|Win32 = DebugGame|Win32
		DebugGame|Win64 = DebugGame|Win64
		Development Editor|HTML5 = Development Editor|HTML5
		Development Editor|Win32 = Development Editor|Win32
		Development Editor|Win64 = Development Editor|Win64
		Development|HTML5 = Development|HTML5
		Development|Win32 = Development|Win32
		Development|Win64 = Development|Win64
		Shipping|HTML5 = Shipping|HTML5
		Shipping|Win32 = Shipping|Win32
		Shipping|Win64 = Shipping|Win64
	EndGlobalSection
	GlobalSection(ProjectConfigurationPlatforms) = postSolution
		{B20B5CAA-C663-4163-8800-959D9D2FDB8E}.DebugGame Editor|HTML5.ActiveCfg = BuiltWithUnrealBuildTool|Win32
		{B20B5CAA-C663-4163-8800-959D9D2FDB8E}.DebugGame Editor|HTML5.Build.0 = BuiltWithUnrealBuildTool|Win32
		{B20B5CAA-C663-4163-8800-959D9D2FDB8E}.DebugGame Editor|Win32.ActiveCfg = BuiltWithUnrealBuildTool|Win32
		{B20B5CAA-C663-4163-8800-959D9D2FDB8E}.DebugGame Editor|Win32.Build.0 = BuiltWithUnrealBuildTool|Win32
		{B20B5CAA-C663-4163-8800-959D9D2FDB8E}.DebugGame Editor|Win64.ActiveCfg = BuiltWithUnrealBuildTool|Win32
		{B20B5CAA-C663-4163-8800-959D9D2FDB8E}.DebugGame Editor|Win64.Build.0 = BuiltWithUnrealBuildTool|Win32
		{B20B5CAA-C663-4163-8800-959D9D2FDB8E}.DebugGame|HTML5.ActiveCfg = BuiltWithUnrealBuildTool|Win32
		{B20B5CAA-C663-4163-8800-959D9D2FDB8E}.DebugGame|HTML5.Build.0 = BuiltWithUnrealBuildTool|Win32
		{B20B5CAA-C663-4163-8800-959D9D2FDB8E}.DebugGame|Win32.ActiveCfg = BuiltWithUnrealBuildTool|Win32
		{B20B5CAA-C663-4163-8800-959D9D2FDB8E}.DebugGame|Win32.Build.0 = BuiltWithUnrealBuildTool|Win32
		{B20B5CAA-C663-4163-8800-959D9D2FDB8E}.DebugGame|Win64.ActiveCfg = BuiltWithUnrealBuildTool|Win32
		{B20B5CAA-C663-4163-8800-959D9D2FDB8E}.DebugGame|Win64.Build.0 = BuiltWithUnrealBuildTool|Win32
		{B20B5CAA-C663-4163-8800-959D9D2FDB8E}.Development Editor|HTML5.ActiveCfg = BuiltWithUnrealBuildTool|Win32
		{B20B5CAA-C663-4163-8800-959D9D2FDB8E}.Development Editor|HTML5.Build.0 = BuiltWithUnrealBuildTool|Win32
		{B20B5CAA-C663-4163-8800-959D9D2FDB8E}.Development Editor|Win32.ActiveCfg = BuiltWithUnrealBuildTool|Win32
		{B20B5CAA-C663-4163-8800-959D9D2FDB8E}.Development Editor|Win32.Build.0 = BuiltWithUnrealBuildTool|Win32
		{B20B5CAA-C663-4163-8800-959D9D2FDB8E}.Development Editor|Win64.ActiveCfg = BuiltWithUnrealBuildTool|Win32
		{B20B5CAA-C663-4163-8800-959D9D2FDB8E}.Development Editor|Win64.Build.0 = BuiltWithUnrealBuildTool|Win32
		{B20B5CAA-C663-4163-8800-959D9D2FDB8E}.Development|HTML5.ActiveCfg = BuiltWithUnrealBuildTool|Win32
		{B20B5CAA-C663-4163-8800-959D9D2FDB8E}.Development|HTML5.Build.0 = BuiltWithUnrealBuildTool|Win32
		{B20B5CAA-C663-4163-8800-959D9D2FDB8E}.Development|Win32.ActiveCfg = BuiltWithUnrealBuildTool|Win32
		{B20B5CAA-C663-4163-8800-959D9D2FDB8E}.Development|Win32.Build.0 = BuiltWithUnrealBuildTool|Win32
		{B20B5CAA-C663-4163-8800-959D9D2FDB8E}.Development|Win64.ActiveCfg = BuiltWithUnrealBuildTool|Win32
		{B20B5CAA-C663-4163-8800-959D9D2FDB8E}.Development|Win64.Build.0 = BuiltWithUnrealBuildTool|Win32
		{B20B5CAA-C663-4163-8800-959D9D2FDB8E}.Shipping|HTML5.ActiveCfg = BuiltWithUnrealBuildTool|Win32
		{B20B5CAA-C663-4163-8800-959D9D2FDB8E}.Shipping|HTML5.Build.0 = BuiltWithUnrealBuildTool|Win32
		{B20B5CAA-C663-4163-8800-959D9D2FDB8E}.Shipping|Win32.ActiveCfg = BuiltWithUnrealBuildTool|Win32
		{B20B5CAA-C663-4163-8800-959D9D2FDB8E}.Shipping|Win32.Build.0 = BuiltWithUnrealBuildTool|Win32
		{B20B5CAA-C663-4163-8800-959D9D2FDB8E}.Shipping|Win64.ActiveCfg = BuiltWithUnrealBuildTool|Win32
		{B20B5CAA-C663-4163-8800-959D9D2FDB8E}.Shipping|Win64.Build.0 = BuiltWithUnrealBuildTool|Win32
		{A2FD23A9-042D-4579-BAAF-A01C71E7E891}.DebugGame Editor|HTML5.ActiveCfg = HTML5_DebugGame_Editor|Win32
		{A2FD23A9-042D-4579-BAAF-A01C71E7E891}.DebugGame Editor|Win32.ActiveCfg = DebugGame_Editor|Win32
		{A2FD23A9-042D-4579-BAAF-A01C71E7E891}.DebugGame Editor|Win64.ActiveCfg = DebugGame_Editor|x64
		{A2FD23A9-042D-4579-BAAF-A01C71E7E891}.DebugGame Editor|Win64.Build.0 = DebugGame_Editor|x64
		{A2FD23A9-042D-4579-BAAF-A01C71E7E891}.DebugGame|HTML5.ActiveCfg = HTML5_DebugGame_Game|Win32
		{A2FD23A9-042D-4579-BAAF-A01C71E7E891}.DebugGame|HTML5.Build.0 = HTML5_DebugGame_Game|Win32
		{A2FD23A9-042D-4579-BAAF-A01C71E7E891}.DebugGame|Win32.ActiveCfg = DebugGame_Game|Win32
		{A2FD23A9-042D-4579-BAAF-A01C71E7E891}.DebugGame|Win32.Build.0 = DebugGame_Game|Win32
		{A2FD23A9-042D-4579-BAAF-A01C71E7E891}.DebugGame|Win64.ActiveCfg = DebugGame_Game|x64
		{A2FD23A9-042D-4579-BAAF-A01C71E7E891}.DebugGame|Win64.Build.0 = DebugGame_Game|x64
		{A2FD23A9-042D-4579-BAAF-A01C71E7E891}.Development Editor|HTML5.ActiveCfg = HTML5_Development_Editor|Win32
		{A2FD23A9-042D-4579-BAAF-A01C71E7E891}.Development Editor|Win32.ActiveCfg = Development_Editor|Win32
		{A2FD23A9-042D-4579-BAAF-A01C71E7E891}.Development Editor|Win64.ActiveCfg = Development_Editor|x64
		{A2FD23A9-042D-4579-BAAF-A01C71E7E891}.Development Editor|Win64.Build.0 = Development_Editor|x64
		{A2FD23A9-042D-4579-BAAF-A01C71E7E891}.Development|HTML5.ActiveCfg = HTML5_Development_Game|Win32
		{A2FD23A9-042D-4579-BAAF-A01C71E7E891}.Development|HTML5.Build.0 = HTML5_Development_Game|Win32
		{A2FD23A9-042D-4579-BAAF-A01C71E7E891}.Development|Win32.ActiveCfg = Development_Game|Win32
		{A2FD23A9-042D-4579-BAAF-A01C71E7E891}.Development|Win32.Build.0 = Development_Game|Win32
		{A2FD23A9-042D-4579-BAAF-A01C71E7E891}.Development|Win64.ActiveCfg = Development_Game|x64
		{A2FD23A9-042D-4579-BAAF-A01C71E7E891}.Development|Win64.Build.0 = Development_Game|x64
		{A2FD23A9-042D-4579-BAAF-A01C71E7E891}.Shipping|HTML5.ActiveCfg = HTML5_Shipping_Game|Win32
		{A2FD23A9-042D-4579-BAAF-A01C71E7E891}.Shipping|HTML5.Build.0 = HTML5_Shipping_Game|Win32
		{A2FD23A9-042D-4579-BAAF-A01C71E7E891}.Shipping|Win32.ActiveCfg = Shipping_Game|Win32
		{A2FD23A9-042D-4579-BAAF-A01C71E7E891}.Shipping|Win32.Build.0 = Shipping_Game|Win32
		{A2FD23A9-042D-4579-BAAF-A01C71E7E891}.Shipping|Win64.ActiveCfg = Shipping_Game|x64
		{A2FD23A9-042D-4579-BAAF-A01C71E7E891}.Shipping|Win64.Build.0 = Shipping_Game|x64
	EndGlobalSection
	GlobalSection(SolutionProperties) = preSolution
		HideSolutionNode = FALSE
	EndGlobalSection
	GlobalSection(NestedProjects) = preSolution
		{B20B5CAA-C663-4163-8800-959D9D2FDB8E} = {98F0E64D-1256-4DCF-A70B-EE961178DE58}
		{A2FD23A9-042D-4579-BAAF-A01C71E7E891} = {2319BD41-8B1B-4B3C-B7BD-8FCBFACB2B4F}
	EndGlobalSection
	GlobalSection(ExtensibilityGlobals) = postSolution
		SolutionGuid = {003B396F-889B-42D4-9084-193A2FF4511B}
	EndGlobalSection
EndGlobal
